
Microsoft Visual Studio Solution File, Format Version 12.00
# Visual Studio Version 16
VisualStudioVersion = 25.0.1706.7
MinimumVisualStudioVersion = 10.0.40219.1
Project("{FAE04EC0-301F-11D3-BF4B-00C04F79EFBC}") = "MonoGame.Framework.DesktopGL.net8.0-mac", "MonoGame.Framework.DesktopGL.net8.0-mac.csproj", "{58A702AA-F836-40CB-BADC-C41B53725285}"
EndProject
Global
	GlobalSection(SolutionConfigurationPlatforms) = preSolution
		Debug|Any CPU = Debug|Any CPU
		Release|Any CPU = Release|Any CPU
	EndGlobalSection
	GlobalSection(ProjectConfigurationPlatforms) = postSolution
		{58A702AA-F836-40CB-BADC-C41B53725285}.Debug|Any CPU.ActiveCfg = Debug|Any CPU
		{58A702AA-F836-40CB-BADC-C41B53725285}.Debug|Any CPU.Build.0 = Debug|Any CPU
		{58A702AA-F836-40CB-BADC-C41B53725285}.Release|Any CPU.ActiveCfg = Release|Any CPU
		{58A702AA-F836-40CB-BADC-C41B53725285}.Release|Any CPU.Build.0 = Release|Any CPU
	EndGlobalSection
	GlobalSection(SolutionProperties) = preSolution
		HideSolutionNode = FALSE
	EndGlobalSection
	GlobalSection(ExtensibilityGlobals) = postSolution
		SolutionGuid = {0618F3C2-8613-44A6-BC2F-0B1EA830C10D}
	EndGlobalSection
EndGlobal
